// !$*UTF8*$!
{
	archiveVersion = 1;
	classes = {
	};
	objectVersion = 46;
	objects = {

/* Begin PBXBuildFile section */
		063BA3A71F6DD0BB0085E04D /* AppDelegate.swift in Sources */ = {isa = PBXBuildFile; fileRef = 063BA3A61F6DD0BB0085E04D /* AppDelegate.swift */; };
		063BA3A91F6DD0BB0085E04D /* ViewController.swift in Sources */ = {isa = PBXBuildFile; fileRef = 063BA3A81F6DD0BB0085E04D /* ViewController.swift */; };
		063BA3AC1F6DD0BB0085E04D /* Main.storyboard in Resources */ = {isa = PBXBuildFile; fileRef = 063BA3AA1F6DD0BB0085E04D /* Main.storyboard */; };
		063BA3AE1F6DD0BB0085E04D /* Assets.xcassets in Resources */ = {isa = PBXBuildFile; fileRef = 063BA3AD1F6DD0BB0085E04D /* Assets.xcassets */; };
		063BA3B11F6DD0BB0085E04D /* LaunchScreen.storyboard in Resources */ = {isa = PBXBuildFile; fileRef = 063BA3AF1F6DD0BB0085E04D /* LaunchScreen.storyboard */; };
		D88DD9BF2661D8714E0B8BA8 /* Pods_Salon_Admin.framework in Frameworks */ = {isa = PBXBuildFile; fileRef = FD2292CF330F714B0D7741D3 /* Pods_Salon_Admin.framework */; };
/* End PBXBuildFile section */

/* Begin PBXFileReference section */
		063BA3A31F6DD0BB0085E04D /* Salon-Admin.app */ = {isa = PBXFileReference; explicitFileType = wrapper.application; includeInIndex = 0; path = "Salon-Admin.app"; sourceTree = BUILT_PRODUCTS_DIR; };
		063BA3A61F6DD0BB0085E04D /* AppDelegate.swift */ = {isa = PBXFileReference; lastKnownFileType = sourcecode.swift; path = AppDelegate.swift; sourceTree = "<group>"; };
		063BA3A81F6DD0BB0085E04D /* ViewController.swift */ = {isa = PBXFileReference; lastKnownFileType = sourcecode.swift; path = ViewController.swift; sourceTree = "<group>"; };
		063BA3AB1F6DD0BB0085E04D /* Base */ = {isa = PBXFileReference; lastKnownFileType = file.storyboard; name = Base; path = Base.lproj/Main.storyboard; sourceTree = "<group>"; };
		063BA3AD1F6DD0BB0085E04D /* Assets.xcassets */ = {isa = PBXFileReference; lastKnownFileType = folder.assetcatalog; path = Assets.xcassets; sourceTree = "<group>"; };
		063BA3B01F6DD0BB0085E04D /* Base */ = {isa = PBXFileReference; lastKnownFileType = file.storyboard; name = Base; path = Base.lproj/LaunchScreen.storyboard; sourceTree = "<group>"; };
		063BA3B21F6DD0BB0085E04D /* Info.plist */ = {isa = PBXFileReference; lastKnownFileType = text.plist.xml; path = Info.plist; sourceTree = "<group>"; };
		2F71841952777F1BADF4424B /* Pods-Salon-Admin.release.xcconfig */ = {isa = PBXFileReference; includeInIndex = 1; lastKnownFileType = text.xcconfig; name = "Pods-Salon-Admin.release.xcconfig"; path = "Pods/Target Support Files/Pods-Salon-Admin/Pods-Salon-Admin.release.xcconfig"; sourceTree = "<group>"; };
		C5F39087C3740F67199D3CDC /* Pods-Salon-Admin.debug.xcconfig */ = {isa = PBXFileReference; includeInIndex = 1; lastKnownFileType = text.xcconfig; name = "Pods-Salon-Admin.debug.xcconfig"; path = "Pods/Target Support Files/Pods-Salon-Admin/Pods-Salon-Admin.debug.xcconfig"; sourceTree = "<group>"; };
		FD2292CF330F714B0D7741D3 /* Pods_Salon_Admin.framework */ = {isa = PBXFileReference; explicitFileType = wrapper.framework; includeInIndex = 0; path = Pods_Salon_Admin.framework; sourceTree = BUILT_PRODUCTS_DIR; };
/* End PBXFileReference section */

/* Begin PBXFrameworksBuildPhase section */
		063BA3A01F6DD0BB0085E04D /* Frameworks */ = {
			isa = PBXFrameworksBuildPhase;
			buildActionMask = 2147483647;
			files = (
				D88DD9BF2661D8714E0B8BA8 /* Pods_Salon_Admin.framework in Frameworks */,
			);
			runOnlyForDeploymentPostprocessing = 0;
		};
/* End PBXFrameworksBuildPhase section */

/* Begin PBXGroup section */
		063BA39A1F6DD0BB0085E04D = {
			isa = PBXGroup;
			children = (
				063BA3A51F6DD0BB0085E04D /* Salon-Admin */,
				063BA3A41F6DD0BB0085E04D /* Products */,
				B23BCCDF1F840019A005F88B /* Pods */,
				0A4D259508B03B19F546F6EE /* Frameworks */,
			);
			sourceTree = "<group>";
		};
		063BA3A41F6DD0BB0085E04D /* Products */ = {
			isa = PBXGroup;
			children = (
				063BA3A31F6DD0BB0085E04D /* Salon-Admin.app */,
			);
			name = Products;
			sourceTree = "<group>";
		};
		063BA3A51F6DD0BB0085E04D /* Salon-Admin */ = {
			isa = PBXGroup;
			children = (
				063BA3A61F6DD0BB0085E04D /* AppDelegate.swift */,
				063BA3A81F6DD0BB0085E04D /* ViewController.swift */,
				063BA3AA1F6DD0BB0085E04D /* Main.storyboard */,
				063BA3AD1F6DD0BB0085E04D /* Assets.xcassets */,
				063BA3AF1F6DD0BB0085E04D /* LaunchScreen.storyboard */,
				063BA3B21F6DD0BB0085E04D /* Info.plist */,
			);
			path = "Salon-Admin";
			sourceTree = "<group>";
		};
		0A4D259508B03B19F546F6EE /* Frameworks */ = {
			isa = PBXGroup;
			children = (
				FD2292CF330F714B0D7741D3 /* Pods_Salon_Admin.framework */,
			);
			name = Frameworks;
			sourceTree = "<group>";
		};
		B23BCCDF1F840019A005F88B /* Pods */ = {
			isa = PBXGroup;
			children = (
				C5F39087C3740F67199D3CDC /* Pods-Salon-Admin.debug.xcconfig */,
				2F71841952777F1BADF4424B /* Pods-Salon-Admin.release.xcconfig */,
			);
			name = Pods;
			sourceTree = "<group>";
		};
/* End PBXGroup section */

/* Begin PBXNativeTarget section */
		063BA3A21F6DD0BB0085E04D /* Salon-Admin */ = {
			isa = PBXNativeTarget;
			buildConfigurationList = 063BA3B51F6DD0BB0085E04D /* Build configuration list for PBXNativeTarget "Salon-Admin" */;
			buildPhases = (
				64CC07651DE225E3657F0DA4 /* [CP] Check Pods Manifest.lock */,
				063BA39F1F6DD0BB0085E04D /* Sources */,
				063BA3A01F6DD0BB0085E04D /* Frameworks */,
				063BA3A11F6DD0BB0085E04D /* Resources */,
				3FA0BB081AB510DD55E7ED0E /* [CP] Embed Pods Frameworks */,
				A1DF3B501599F82BC4B194C0 /* [CP] Copy Pods Resources */,
			);
			buildRules = (
			);
			dependencies = (
			);
			name = "Salon-Admin";
			productName = "Salon-Admin";
			productReference = 063BA3A31F6DD0BB0085E04D /* Salon-Admin.app */;
			productType = "com.apple.product-type.application";
		};
/* End PBXNativeTarget section */

/* Begin PBXProject section */
		063BA39B1F6DD0BB0085E04D /* Project object */ = {
			isa = PBXProject;
			attributes = {
				LastSwiftUpdateCheck = 0830;
				LastUpgradeCheck = 0830;
				ORGANIZATIONNAME = Mostafa;
				TargetAttributes = {
					063BA3A21F6DD0BB0085E04D = {
						CreatedOnToolsVersion = 8.3.3;
						DevelopmentTeam = 5C5657XP2G;
						ProvisioningStyle = Automatic;
					};
				};
			};
			buildConfigurationList = 063BA39E1F6DD0BB0085E04D /* Build configuration list for PBXProject "Salon-Admin" */;
			compatibilityVersion = "Xcode 3.2";
			developmentRegion = English;
			hasScannedForEncodings = 0;
			knownRegions = (
				en,
				Base,
			);
			mainGroup = 063BA39A1F6DD0BB0085E04D;
			productRefGroup = 063BA3A41F6DD0BB0085E04D /* Products */;
			projectDirPath = "";
			projectRoot = "";
			targets = (
				063BA3A21F6DD0BB0085E04D /* Salon-Admin */,
			);
		};
/* End PBXProject section */

/* Begin PBXResourcesBuildPhase section */
		063BA3A11F6DD0BB0085E04D /* Resources */ = {
			isa = PBXResourcesBuildPhase;
			buildActionMask = 2147483647;
			files = (
				063BA3B11F6DD0BB0085E04D /* LaunchScreen.storyboard in Resources */,
				063BA3AE1F6DD0BB0085E04D /* Assets.xcassets in Resources */,
				063BA3AC1F6DD0BB0085E04D /* Main.storyboard in Resources */,
			);
			runOnlyForDeploymentPostprocessing = 0;
		};
/* End PBXResourcesBuildPhase section */

/* Begin PBXShellScriptBuildPhase section */
		3FA0BB081AB510DD55E7ED0E /* [CP] Embed Pods Frameworks */ = {
			isa = PBXShellScriptBuildPhase;
			buildActionMask = 2147483647;
			files = (
			);
			inputPaths = (
				"${SRCROOT}/Pods/Target Support Files/Pods-Salon-Admin/Pods-Salon-Admin-frameworks.sh",
				"${BUILT_PRODUCTS_DIR}/Alamofire/Alamofire.framework",
			);
			name = "[CP] Embed Pods Frameworks";
			outputPaths = (
				"${TARGET_BUILD_DIR}/${FRAMEWORKS_FOLDER_PATH}/Alamofire.framework",
			);
			runOnlyForDeploymentPostprocessing = 0;
			shellPath = /bin/sh;
			shellScript = "\"${SRCROOT}/Pods/Target Support Files/Pods-Salon-Admin/Pods-Salon-Admin-frameworks.sh\"\n";
			showEnvVarsInLog = 0;
		};
		64CC07651DE225E3657F0DA4 /* [CP] Check Pods Manifest.lock */ = {
			isa = PBXShellScriptBuildPhase;
			buildActionMask = 2147483647;
			files = (
			);
			inputPaths = (
				"${PODS_PODFILE_DIR_PATH}/Podfile.lock",
				"${PODS_ROOT}/Manifest.lock",
			);
			name = "[CP] Check Pods Manifest.lock";
			outputPaths = (
				"$(DERIVED_FILE_DIR)/Pods-Salon-Admin-checkManifestLockResult.txt",
			);
			runOnlyForDeploymentPostprocessing = 0;
			shellPath = /bin/sh;
			shellScript = "diff \"${PODS_PODFILE_DIR_PATH}/Podfile.lock\" \"${PODS_ROOT}/Manifest.lock\" > /dev/null\nif [ $? != 0 ] ; then\n    # print error to STDERR\n    echo \"error: The sandbox is not in sync with the Podfile.lock. Run 'pod install' or update your CocoaPods installation.\" >&2\n    exit 1\nfi\n# This output is used by Xcode 'outputs' to avoid re-running this script phase.\necho \"SUCCESS\" > \"${SCRIPT_OUTPUT_FILE_0}\"\n";
			showEnvVarsInLog = 0;
		};
		A1DF3B501599F82BC4B194C0 /* [CP] Copy Pods Resources */ = {
			isa = PBXShellScriptBuildPhase;
			buildActionMask = 2147483647;
			files = (
			);
			inputPaths = (
			);
			name = "[CP] Copy Pods Resources";
			outputPaths = (
			);
			runOnlyForDeploymentPostprocessing = 0;
			shellPath = /bin/sh;
			shellScript = "\"${SRCROOT}/Pods/Target Support Files/Pods-Salon-Admin/Pods-Salon-Admin-resources.sh\"\n";
			showEnvVarsInLog = 0;
		};
/* End PBXShellScriptBuildPhase section */

/* Begin PBXSourcesBuildPhase section */
		063BA39F1F6DD0BB0085E04D /* Sources */ = {
			isa = PBXSourcesBuildPhase;
			buildActionMask = 2147483647;
			files = (
				063BA3A91F6DD0BB0085E04D /* ViewController.swift in Sources */,
				063BA3A71F6DD0BB0085E04D /* AppDelegate.swift in Sources */,
			);
			runOnlyForDeploymentPostprocessing = 0;
		};
/* End PBXSourcesBuildPhase section */

/* Begin PBXVariantGroup section */
		063BA3AA1F6DD0BB0085E04D /* Main.storyboard */ = {
			isa = PBXVariantGroup;
			children = (
				063BA3AB1F6DD0BB0085E04D /* Base */,
			);
			name = Main.storyboard;
			sourceTree = "<group>";
		};
		063BA3AF1F6DD0BB0085E04D /* LaunchScreen.storyboard */ = {
			isa = PBXVariantGroup;
			children = (
				063BA3B01F6DD0BB0085E04D /* Base */,
			);
			name = LaunchScreen.storyboard;
			sourceTree = "<group>";
		};
/* End PBXVariantGroup section */

/* Begin XCBuildConfiguration section */
		063BA3B31F6DD0BB0085E04D /* Debug */ = {
			isa = XCBuildConfiguration;
			buildSettings = {
				ALWAYS_SEARCH_USER_PATHS = NO;
				CLANG_ANALYZER_NONNULL = YES;
				CLANG_ANALYZER_NUMBER_OBJECT_CONVERSION = YES_AGGRESSIVE;
				CLANG_CXX_LANGUAGE_STANDARD = "gnu++0x";
				CLANG_CXX_LIBRARY = "libc++";
				CLANG_ENABLE_MODULES = YES;
				CLANG_ENABLE_OBJC_ARC = YES;
				CLANG_WARN_BOOL_CONVERSION = YES;
				CLANG_WARN_CONSTANT_CONVERSION = YES;
				CLANG_WARN_DIRECT_OBJC_ISA_USAGE = YES_ERROR;
				CLANG_WARN_DOCUMENTATION_COMMENTS = YES;
				CLANG_WARN_EMPTY_BODY = YES;
				CLANG_WARN_ENUM_CONVERSION = YES;
				CLANG_WARN_INFINITE_RECURSION = YES;
				CLANG_WARN_INT_CONVERSION = YES;
				CLANG_WARN_OBJC_ROOT_CLASS = YES_ERROR;
				CLANG_WARN_SUSPICIOUS_MOVE = YES;
				CLANG_WARN_UNREACHABLE_CODE = YES;
				CLANG_WARN__DUPLICATE_METHOD_MATCH = YES;
				"CODE_SIGN_IDENTITY[sdk=iphoneos*]" = "iPhone Developer";
				COPY_PHASE_STRIP = NO;
				DEBUG_INFORMATION_FORMAT = dwarf;
				ENABLE_STRICT_OBJC_MSGSEND = YES;
				ENABLE_TESTABILITY = YES;
				GCC_C_LANGUAGE_STANDARD = gnu99;
				GCC_DYNAMIC_NO_PIC = NO;
				GCC_NO_COMMON_BLOCKS = YES;
				GCC_OPTIMIZATION_LEVEL = 0;
				GCC_PREPROCESSOR_DEFINITIONS = (
					"DEBUG=1",
					"$(inherited)",
				);
				GCC_WARN_64_TO_32_BIT_CONVERSION = YES;
				GCC_WARN_ABOUT_RETURN_TYPE = YES_ERROR;
				GCC_WARN_UNDECLARED_SELECTOR = YES;
				GCC_WARN_UNINITIALIZED_AUTOS = YES_AGGRESSIVE;
				GCC_WARN_UNUSED_FUNCTION = YES;
				GCC_WARN_UNUSED_VARIABLE = YES;
				IPHONEOS_DEPLOYMENT_TARGET = 10.3;
				MTL_ENABLE_DEBUG_INFO = YES;
				ONLY_ACTIVE_ARCH = YES;
				SDKROOT = iphoneos;
				SWIFT_ACTIVE_COMPILATION_CONDITIONS = DEBUG;
				SWIFT_OPTIMIZATION_LEVEL = "-Onone";
				TARGETED_DEVICE_FAMILY = "1,2";
			};
			name = Debug;
		};
		063BA3B41F6DD0BB0085E04D /* Release */ = {
			isa = XCBuildConfiguration;
			buildSettings = {
				ALWAYS_SEARCH_USER_PATHS = NO;
				CLANG_ANALYZER_NONNULL = YES;
				CLANG_ANALYZER_NUMBER_OBJECT_CONVERSION = YES_AGGRESSIVE;
				CLANG_CXX_LANGUAGE_STANDARD = "gnu++0x";
				CLANG_CXX_LIBRARY = "libc++";
				CLANG_ENABLE_MODULES = YES;
				CLANG_ENABLE_OBJC_ARC = YES;
				CLANG_WARN_BOOL_CONVERSION = YES;
				CLANG_WARN_CONSTANT_CONVERSION = YES;
				CLANG_WARN_DIRECT_OBJC_ISA_USAGE = YES_ERROR;
				CLANG_WARN_DOCUMENTATION_COMMENTS = YES;
				CLANG_WARN_EMPTY_BODY = YES;
				CLANG_WARN_ENUM_CONVERSION = YES;
				CLANG_WARN_INFINITE_RECURSION = YES;
				CLANG_WARN_INT_CONVERSION = YES;
				CLANG_WARN_OBJC_ROOT_CLASS = YES_ERROR;
				CLANG_WARN_SUSPICIOUS_MOVE = YES;
				CLANG_WARN_UNREACHABLE_CODE = YES;
				CLANG_WARN__DUPLICATE_METHOD_MATCH = YES;
				"CODE_SIGN_IDENTITY[sdk=iphoneos*]" = "iPhone Developer";
				COPY_PHASE_STRIP = NO;
				DEBUG_INFORMATION_FORMAT = "dwarf-with-dsym";
				ENABLE_NS_ASSERTIONS = NO;
				ENABLE_STRICT_OBJC_MSGSEND = YES;
				GCC_C_LANGUAGE_STANDARD = gnu99;
				GCC_NO_COMMON_BLOCKS = YES;
				GCC_WARN_64_TO_32_BIT_CONVERSION = YES;
				GCC_WARN_ABOUT_RETURN_TYPE = YES_ERROR;
				GCC_WARN_UNDECLARED_SELECTOR = YES;
				GCC_WARN_UNINITIALIZED_AUTOS = YES_AGGRESSIVE;
				GCC_WARN_UNUSED_FUNCTION = YES;
				GCC_WARN_UNUSED_VARIABLE = YES;
				IPHONEOS_DEPLOYMENT_TARGET = 10.3;
				MTL_ENABLE_DEBUG_INFO = NO;
				SDKROOT = iphoneos;
				SWIFT_OPTIMIZATION_LEVEL = "-Owholemodule";
				TARGETED_DEVICE_FAMILY = "1,2";
				VALIDATE_PRODUCT = YES;
			};
			name = Release;
		};
		063BA3B61F6DD0BB0085E04D /* Debug */ = {
			isa = XCBuildConfiguration;
			baseConfigurationReference = C5F39087C3740F67199D3CDC /* Pods-Salon-Admin.debug.xcconfig */;
			buildSettings = {
				ASSETCATALOG_COMPILER_APPICON_NAME = AppIcon;
				DEVELOPMENT_TEAM = 5C5657XP2G;
				INFOPLIST_FILE = "Salon-Admin/Info.plist";
				LD_RUNPATH_SEARCH_PATHS = "$(inherited) @executable_path/Frameworks";
				PRODUCT_BUNDLE_IDENTIFIER = "com.Mostafa.Salon-Admin";
				PRODUCT_NAME = "$(TARGET_NAME)";
				SWIFT_VERSION = 3.0;
			};
			name = Debug;
		};
		063BA3B71F6DD0BB0085E04D /* Release */ = {
			isa = XCBuildConfiguration;
			baseConfigurationReference = 2F71841952777F1BADF4424B /* Pods-Salon-Admin.release.xcconfig */;
			buildSettings = {
				ASSETCATALOG_COMPILER_APPICON_NAME = AppIcon;
				DEVELOPMENT_TEAM = 5C5657XP2G;
				INFOPLIST_FILE = "Salon-Admin/Info.plist";
				LD_RUNPATH_SEARCH_PATHS = "$(inherited) @executable_path/Frameworks";
				PRODUCT_BUNDLE_IDENTIFIER = "com.Mostafa.Salon-Admin";
				PRODUCT_NAME = "$(TARGET_NAME)";
				SWIFT_VERSION = 3.0;
			};
			name = Release;
		};
/* End XCBuildConfiguration section */

/* Begin XCConfigurationList section */
		063BA39E1F6DD0BB0085E04D /* Build configuration list for PBXProject "Salon-Admin" */ = {
			isa = XCConfigurationList;
			buildConfigurations = (
				063BA3B31F6DD0BB0085E04D /* Debug */,
				063BA3B41F6DD0BB0085E04D /* Release */,
			);
			defaultConfigurationIsVisible = 0;
			defaultConfigurationName = Release;
		};
		063BA3B51F6DD0BB0085E04D /* Build configuration list for PBXNativeTarget "Salon-Admin" */ = {
			isa = XCConfigurationList;
			buildConfigurations = (
				063BA3B61F6DD0BB0085E04D /* Debug */,
				063BA3B71F6DD0BB0085E04D /* Release */,
			);
			defaultConfigurationIsVisible = 0;
		};
/* End XCConfigurationList section */
	};
	rootObject = 063BA39B1F6DD0BB0085E04D /* Project object */;
}
